
Microsoft Visual Studio Solution File, Format Version 12.00
# Visual Studio Version 16
VisualStudioVersion = 16.0.32106.194
MinimumVisualStudioVersion = 10.0.40219.1
Project("{FAE04EC0-301F-11D3-BF4B-00C04F79EFBC}") = "ConsoleApp1", "ConsoleApp1\ConsoleApp1.csproj", "{52F05614-5899-4A32-8841-2EBE93AC8E5D}"
EndProject
Project("{FAE04EC0-301F-11D3-BF4B-00C04F79EFBC}") = "ConsoleApp2", "ConsoleApp2\ConsoleApp2.csproj", "{67D29C68-13AD-4D40-8504-D53C916C90DE}"
EndProject
Project("{FAE04EC0-301F-11D3-BF4B-00C04F79EFBC}") = "ConsoleApp3", "ConsoleApp3\ConsoleApp3.csproj", "{697D06AF-6A5A-4478-9622-57F4A461FC6F}"
EndProject
Global
	GlobalSection(SolutionConfigurationPlatforms) = preSolution
		Debug|Any CPU = Debug|Any CPU
		Release|Any CPU = Release|Any CPU
	EndGlobalSection
	GlobalSection(ProjectConfigurationPlatforms) = postSolution
		{52F05614-5899-4A32-8841-2EBE93AC8E5D}.Debug|Any CPU.ActiveCfg = Debug|Any CPU
		{52F05614-5899-4A32-8841-2EBE93AC8E5D}.Debug|Any CPU.Build.0 = Debug|Any CPU
		{52F05614-5899-4A32-8841-2EBE93AC8E5D}.Release|Any CPU.ActiveCfg = Release|Any CPU
		{52F05614-5899-4A32-8841-2EBE93AC8E5D}.Release|Any CPU.Build.0 = Release|Any CPU
		{67D29C68-13AD-4D40-8504-D53C916C90DE}.Debug|Any CPU.ActiveCfg = Debug|Any CPU
		{67D29C68-13AD-4D40-8504-D53C916C90DE}.Debug|Any CPU.Build.0 = Debug|Any CPU
		{67D29C68-13AD-4D40-8504-D53C916C90DE}.Release|Any CPU.ActiveCfg = Release|Any CPU
		{67D29C68-13AD-4D40-8504-D53C916C90DE}.Release|Any CPU.Build.0 = Release|Any CPU
		{697D06AF-6A5A-4478-9622-57F4A461FC6F}.Debug|Any CPU.ActiveCfg = Debug|Any CPU
		{697D06AF-6A5A-4478-9622-57F4A461FC6F}.Debug|Any CPU.Build.0 = Debug|Any CPU
		{697D06AF-6A5A-4478-9622-57F4A461FC6F}.Release|Any CPU.ActiveCfg = Release|Any CPU
		{697D06AF-6A5A-4478-9622-57F4A461FC6F}.Release|Any CPU.Build.0 = Release|Any CPU
	EndGlobalSection
	GlobalSection(SolutionProperties) = preSolution
		HideSolutionNode = FALSE
	EndGlobalSection
	GlobalSection(ExtensibilityGlobals) = postSolution
		SolutionGuid = {B20E9B52-1929-4CD8-938D-490E04F3F9B5}
	EndGlobalSection
EndGlobal
